// !$*UTF8*$!
{
	archiveVersion = 1;
	classes = {
	};
	objectVersion = 55;
	objects = {

/* Begin PBXBuildFile section */
		C252D685285E2D8D003F0280 /* AppDelegate.swift in Sources */ = {isa = PBXBuildFile; fileRef = C252D684285E2D8D003F0280 /* AppDelegate.swift */; };
		C252D687285E2D8D003F0280 /* SceneDelegate.swift in Sources */ = {isa = PBXBuildFile; fileRef = C252D686285E2D8D003F0280 /* SceneDelegate.swift */; };
		C252D689285E2D8D003F0280 /* ViewController.swift in Sources */ = {isa = PBXBuildFile; fileRef = C252D688285E2D8D003F0280 /* ViewController.swift */; };
		C252D691285E2D8E003F0280 /* Assets.xcassets in Resources */ = {isa = PBXBuildFile; fileRef = C252D690285E2D8E003F0280 /* Assets.xcassets */; };
		C252D694285E2D8E003F0280 /* LaunchScreen.storyboard in Resources */ = {isa = PBXBuildFile; fileRef = C252D692285E2D8E003F0280 /* LaunchScreen.storyboard */; };
		C252D69F285E2D8E003F0280 /* iHotelTests.swift in Sources */ = {isa = PBXBuildFile; fileRef = C252D69E285E2D8E003F0280 /* iHotelTests.swift */; };
		C252D6A9285E2D8E003F0280 /* iHotelUITests.swift in Sources */ = {isa = PBXBuildFile; fileRef = C252D6A8285E2D8E003F0280 /* iHotelUITests.swift */; };
		C252D6AB285E2D8E003F0280 /* iHotelUITestsLaunchTests.swift in Sources */ = {isa = PBXBuildFile; fileRef = C252D6AA285E2D8E003F0280 /* iHotelUITestsLaunchTests.swift */; };
		C252D6D8285E3759003F0280 /* Kingfisher in Frameworks */ = {isa = PBXBuildFile; productRef = C252D6D7285E3759003F0280 /* Kingfisher */; };
		C252D6DD285E3A97003F0280 /* Cosmos in Frameworks */ = {isa = PBXBuildFile; productRef = C252D6DC285E3A97003F0280 /* Cosmos */; };
		C252D6E0285E456A003F0280 /* FirebaseAnalytics in Frameworks */ = {isa = PBXBuildFile; productRef = C252D6DF285E456A003F0280 /* FirebaseAnalytics */; };
		C252D6E2285E456A003F0280 /* FirebaseAuth in Frameworks */ = {isa = PBXBuildFile; productRef = C252D6E1285E456A003F0280 /* FirebaseAuth */; };
		C252D6E4285E456A003F0280 /* FirebaseFirestore in Frameworks */ = {isa = PBXBuildFile; productRef = C252D6E3285E456A003F0280 /* FirebaseFirestore */; };
		C252D6E6285E456A003F0280 /* FirebaseStorage in Frameworks */ = {isa = PBXBuildFile; productRef = C252D6E5285E456A003F0280 /* FirebaseStorage */; };
		C25B992F285E56D0003CC3EA /* Model.swift in Sources */ = {isa = PBXBuildFile; fileRef = C25B9927285E56D0003CC3EA /* Model.swift */; };
		C25B9930285E56D0003CC3EA /* Review+CoreDataClass.swift in Sources */ = {isa = PBXBuildFile; fileRef = C25B9928285E56D0003CC3EA /* Review+CoreDataClass.swift */; };
		C25B9931285E56D0003CC3EA /* ReviewModel.xcdatamodeld in Sources */ = {isa = PBXBuildFile; fileRef = C25B9929285E56D0003CC3EA /* ReviewModel.xcdatamodeld */; };
		C25B9932285E56D0003CC3EA /* User+CoreDataProperties.swift in Sources */ = {isa = PBXBuildFile; fileRef = C25B992B285E56D0003CC3EA /* User+CoreDataProperties.swift */; };
		C25B9933285E56D0003CC3EA /* ModelFirebase.swift in Sources */ = {isa = PBXBuildFile; fileRef = C25B992C285E56D0003CC3EA /* ModelFirebase.swift */; };
		C25B9934285E56D0003CC3EA /* User+CoreDataClass.swift in Sources */ = {isa = PBXBuildFile; fileRef = C25B992D285E56D0003CC3EA /* User+CoreDataClass.swift */; };
		C25B9935285E56D0003CC3EA /* Review+CoreDataProperties.swift in Sources */ = {isa = PBXBuildFile; fileRef = C25B992E285E56D0003CC3EA /* Review+CoreDataProperties.swift */; };
		C25B9943285E5722003CC3EA /* ProfileViewController.swift in Sources */ = {isa = PBXBuildFile; fileRef = C25B9936285E5721003CC3EA /* ProfileViewController.swift */; };
		C25B9944285E5722003CC3EA /* LoginViewController.swift in Sources */ = {isa = PBXBuildFile; fileRef = C25B9937285E5721003CC3EA /* LoginViewController.swift */; };
		C25B9945285E5722003CC3EA /* ReviewsTableViewCell.swift in Sources */ = {isa = PBXBuildFile; fileRef = C25B9938285E5721003CC3EA /* ReviewsTableViewCell.swift */; };
		C25B9946285E5722003CC3EA /* ReviewDetailsViewController.swift in Sources */ = {isa = PBXBuildFile; fileRef = C25B9939285E5721003CC3EA /* ReviewDetailsViewController.swift */; };
		C25B9947285E5722003CC3EA /* UIButtonExtension.swift in Sources */ = {isa = PBXBuildFile; fileRef = C25B993A285E5721003CC3EA /* UIButtonExtension.swift */; };
		C25B9948285E5722003CC3EA /* EditReviewViewController.swift in Sources */ = {isa = PBXBuildFile; fileRef = C25B993B285E5722003CC3EA /* EditReviewViewController.swift */; };
		C25B9949285E5722003CC3EA /* EditProfileViewController.swift in Sources */ = {isa = PBXBuildFile; fileRef = C25B993C285E5722003CC3EA /* EditProfileViewController.swift */; };
		C25B994A285E5722003CC3EA /* NewReviewViewController.swift in Sources */ = {isa = PBXBuildFile; fileRef = C25B993D285E5722003CC3EA /* NewReviewViewController.swift */; };
		C25B994B285E5722003CC3EA /* MyReviewsViewController.swift in Sources */ = {isa = PBXBuildFile; fileRef = C25B993E285E5722003CC3EA /* MyReviewsViewController.swift */; };
		C25B994C285E5722003CC3EA /* MyReviewsTableViewCell.swift in Sources */ = {isa = PBXBuildFile; fileRef = C25B993F285E5722003CC3EA /* MyReviewsTableViewCell.swift */; };
		C25B994D285E5722003CC3EA /* HomeViewController.swift in Sources */ = {isa = PBXBuildFile; fileRef = C25B9940285E5722003CC3EA /* HomeViewController.swift */; };
		C25B994E285E5722003CC3EA /* ProfileMenuTableViewController.swift in Sources */ = {isa = PBXBuildFile; fileRef = C25B9941285E5722003CC3EA /* ProfileMenuTableViewController.swift */; };
		C25B994F285E5722003CC3EA /* RegisterViewController.swift in Sources */ = {isa = PBXBuildFile; fileRef = C25B9942285E5722003CC3EA /* RegisterViewController.swift */; };
		C2709D4A28B533570050AB9B /* GoogleService-Info.plist in Resources */ = {isa = PBXBuildFile; fileRef = C2709D4928B533570050AB9B /* GoogleService-Info.plist */; };
		C2AA3DF2285E5C4F0051B7EE /* Main.storyboard in Resources */ = {isa = PBXBuildFile; fileRef = C2AA3DF1285E5C4F0051B7EE /* Main.storyboard */; };
		C2F5E6FF285E7BBC00D39C62 /* CitiesApi.swift in Sources */ = {isa = PBXBuildFile; fileRef = C2F5E6FD285E7BBC00D39C62 /* CitiesApi.swift */; };
		C2F5E700285E7BBC00D39C62 /* City.swift in Sources */ = {isa = PBXBuildFile; fileRef = C2F5E6FE285E7BBC00D39C62 /* City.swift */; };
		C2F5E707285E81FC00D39C62 /* Alamofire in Frameworks */ = {isa = PBXBuildFile; productRef = C2F5E706285E81FC00D39C62 /* Alamofire */; };
/* End PBXBuildFile section */

/* Begin PBXContainerItemProxy section */
		C252D69B285E2D8E003F0280 /* PBXContainerItemProxy */ = {
			isa = PBXContainerItemProxy;
			containerPortal = C252D679285E2D8C003F0280 /* Project object */;
			proxyType = 1;
			remoteGlobalIDString = C252D680285E2D8C003F0280;
			remoteInfo = iHotel;
		};
		C252D6A5285E2D8E003F0280 /* PBXContainerItemProxy */ = {
			isa = PBXContainerItemProxy;
			containerPortal = C252D679285E2D8C003F0280 /* Project object */;
			proxyType = 1;
			remoteGlobalIDString = C252D680285E2D8C003F0280;
			remoteInfo = iHotel;
		};
/* End PBXContainerItemProxy section */

/* Begin PBXFileReference section */
		C252D681285E2D8C003F0280 /* iHotel.app */ = {isa = PBXFileReference; explicitFileType = wrapper.application; includeInIndex = 0; path = iHotel.app; sourceTree = BUILT_PRODUCTS_DIR; };
		C252D684285E2D8D003F0280 /* AppDelegate.swift */ = {isa = PBXFileReference; lastKnownFileType = sourcecode.swift; path = AppDelegate.swift; sourceTree = "<group>"; };
		C252D686285E2D8D003F0280 /* SceneDelegate.swift */ = {isa = PBXFileReference; lastKnownFileType = sourcecode.swift; path = SceneDelegate.swift; sourceTree = "<group>"; };
		C252D688285E2D8D003F0280 /* ViewController.swift */ = {isa = PBXFileReference; lastKnownFileType = sourcecode.swift; path = ViewController.swift; sourceTree = "<group>"; };
		C252D690285E2D8E003F0280 /* Assets.xcassets */ = {isa = PBXFileReference; lastKnownFileType = folder.assetcatalog; path = Assets.xcassets; sourceTree = "<group>"; };
		C252D693285E2D8E003F0280 /* Base */ = {isa = PBXFileReference; lastKnownFileType = file.storyboard; name = Base; path = Base.lproj/LaunchScreen.storyboard; sourceTree = "<group>"; };
		C252D69A285E2D8E003F0280 /* iHotelTests.xctest */ = {isa = PBXFileReference; explicitFileType = wrapper.cfbundle; includeInIndex = 0; path = iHotelTests.xctest; sourceTree = BUILT_PRODUCTS_DIR; };
		C252D69E285E2D8E003F0280 /* iHotelTests.swift */ = {isa = PBXFileReference; lastKnownFileType = sourcecode.swift; path = iHotelTests.swift; sourceTree = "<group>"; };
		C252D6A4285E2D8E003F0280 /* iHotelUITests.xctest */ = {isa = PBXFileReference; explicitFileType = wrapper.cfbundle; includeInIndex = 0; path = iHotelUITests.xctest; sourceTree = BUILT_PRODUCTS_DIR; };
		C252D6A8285E2D8E003F0280 /* iHotelUITests.swift */ = {isa = PBXFileReference; lastKnownFileType = sourcecode.swift; path = iHotelUITests.swift; sourceTree = "<group>"; };
		C252D6AA285E2D8E003F0280 /* iHotelUITestsLaunchTests.swift */ = {isa = PBXFileReference; lastKnownFileType = sourcecode.swift; path = iHotelUITestsLaunchTests.swift; sourceTree = "<group>"; };
		C25B9927285E56D0003CC3EA /* Model.swift */ = {isa = PBXFileReference; fileEncoding = 4; lastKnownFileType = sourcecode.swift; path = Model.swift; sourceTree = "<group>"; };
		C25B9928285E56D0003CC3EA /* Review+CoreDataClass.swift */ = {isa = PBXFileReference; fileEncoding = 4; lastKnownFileType = sourcecode.swift; path = "Review+CoreDataClass.swift"; sourceTree = "<group>"; };
		C25B992A285E56D0003CC3EA /* ReviewModel.xcdatamodel */ = {isa = PBXFileReference; lastKnownFileType = wrapper.xcdatamodel; path = ReviewModel.xcdatamodel; sourceTree = "<group>"; };
		C25B992B285E56D0003CC3EA /* User+CoreDataProperties.swift */ = {isa = PBXFileReference; fileEncoding = 4; lastKnownFileType = sourcecode.swift; path = "User+CoreDataProperties.swift"; sourceTree = "<group>"; };
		C25B992C285E56D0003CC3EA /* ModelFirebase.swift */ = {isa = PBXFileReference; fileEncoding = 4; lastKnownFileType = sourcecode.swift; path = ModelFirebase.swift; sourceTree = "<group>"; };
		C25B992D285E56D0003CC3EA /* User+CoreDataClass.swift */ = {isa = PBXFileReference; fileEncoding = 4; lastKnownFileType = sourcecode.swift; path = "User+CoreDataClass.swift"; sourceTree = "<group>"; };
		C25B992E285E56D0003CC3EA /* Review+CoreDataProperties.swift */ = {isa = PBXFileReference; fileEncoding = 4; lastKnownFileType = sourcecode.swift; path = "Review+CoreDataProperties.swift"; sourceTree = "<group>"; };
		C25B9936285E5721003CC3EA /* ProfileViewController.swift */ = {isa = PBXFileReference; fileEncoding = 4; lastKnownFileType = sourcecode.swift; path = ProfileViewController.swift; sourceTree = "<group>"; };
		C25B9937285E5721003CC3EA /* LoginViewController.swift */ = {isa = PBXFileReference; fileEncoding = 4; lastKnownFileType = sourcecode.swift; path = LoginViewController.swift; sourceTree = "<group>"; };
		C25B9938285E5721003CC3EA /* ReviewsTableViewCell.swift */ = {isa = PBXFileReference; fileEncoding = 4; lastKnownFileType = sourcecode.swift; path = ReviewsTableViewCell.swift; sourceTree = "<group>"; };
		C25B9939285E5721003CC3EA /* ReviewDetailsViewController.swift */ = {isa = PBXFileReference; fileEncoding = 4; lastKnownFileType = sourcecode.swift; path = ReviewDetailsViewController.swift; sourceTree = "<group>"; };
		C25B993A285E5721003CC3EA /* UIButtonExtension.swift */ = {isa = PBXFileReference; fileEncoding = 4; lastKnownFileType = sourcecode.swift; path = UIButtonExtension.swift; sourceTree = "<group>"; };
		C25B993B285E5722003CC3EA /* EditReviewViewController.swift */ = {isa = PBXFileReference; fileEncoding = 4; lastKnownFileType = sourcecode.swift; path = EditReviewViewController.swift; sourceTree = "<group>"; };
		C25B993C285E5722003CC3EA /* EditProfileViewController.swift */ = {isa = PBXFileReference; fileEncoding = 4; lastKnownFileType = sourcecode.swift; path = EditProfileViewController.swift; sourceTree = "<group>"; };
		C25B993D285E5722003CC3EA /* NewReviewViewController.swift */ = {isa = PBXFileReference; fileEncoding = 4; lastKnownFileType = sourcecode.swift; path = NewReviewViewController.swift; sourceTree = "<group>"; };
		C25B993E285E5722003CC3EA /* MyReviewsViewController.swift */ = {isa = PBXFileReference; fileEncoding = 4; lastKnownFileType = sourcecode.swift; path = MyReviewsViewController.swift; sourceTree = "<group>"; };
		C25B993F285E5722003CC3EA /* MyReviewsTableViewCell.swift */ = {isa = PBXFileReference; fileEncoding = 4; lastKnownFileType = sourcecode.swift; path = MyReviewsTableViewCell.swift; sourceTree = "<group>"; };
		C25B9940285E5722003CC3EA /* HomeViewController.swift */ = {isa = PBXFileReference; fileEncoding = 4; lastKnownFileType = sourcecode.swift; path = HomeViewController.swift; sourceTree = "<group>"; };
		C25B9941285E5722003CC3EA /* ProfileMenuTableViewController.swift */ = {isa = PBXFileReference; fileEncoding = 4; lastKnownFileType = sourcecode.swift; path = ProfileMenuTableViewController.swift; sourceTree = "<group>"; };
		C25B9942285E5722003CC3EA /* RegisterViewController.swift */ = {isa = PBXFileReference; fileEncoding = 4; lastKnownFileType = sourcecode.swift; path = RegisterViewController.swift; sourceTree = "<group>"; };
		C2709D4928B533570050AB9B /* GoogleService-Info.plist */ = {isa = PBXFileReference; fileEncoding = 4; lastKnownFileType = text.plist.xml; name = "GoogleService-Info.plist"; path = "../../../../Desktop/GoogleService-Info.plist"; sourceTree = "<group>"; };
		C2AA3DF1285E5C4F0051B7EE /* Main.storyboard */ = {isa = PBXFileReference; fileEncoding = 4; lastKnownFileType = file.storyboard; path = Main.storyboard; sourceTree = "<group>"; };
		C2F5E6F7285E647600D39C62 /* Info.plist */ = {isa = PBXFileReference; fileEncoding = 4; lastKnownFileType = text.plist.xml; path = Info.plist; sourceTree = "<group>"; };
		C2F5E6FD285E7BBC00D39C62 /* CitiesApi.swift */ = {isa = PBXFileReference; fileEncoding = 4; lastKnownFileType = sourcecode.swift; path = CitiesApi.swift; sourceTree = "<group>"; };
		C2F5E6FE285E7BBC00D39C62 /* City.swift */ = {isa = PBXFileReference; fileEncoding = 4; lastKnownFileType = sourcecode.swift; path = City.swift; sourceTree = "<group>"; };
/* End PBXFileReference section */

/* Begin PBXFrameworksBuildPhase section */
		C252D67E285E2D8C003F0280 /* Frameworks */ = {
			isa = PBXFrameworksBuildPhase;
			buildActionMask = 2147483647;
			files = (
				C252D6DD285E3A97003F0280 /* Cosmos in Frameworks */,
				C2F5E707285E81FC00D39C62 /* Alamofire in Frameworks */,
				C252D6D8285E3759003F0280 /* Kingfisher in Frameworks */,
				C252D6E0285E456A003F0280 /* FirebaseAnalytics in Frameworks */,
				C252D6E4285E456A003F0280 /* FirebaseFirestore in Frameworks */,
				C252D6E2285E456A003F0280 /* FirebaseAuth in Frameworks */,
				C252D6E6285E456A003F0280 /* FirebaseStorage in Frameworks */,
			);
			runOnlyForDeploymentPostprocessing = 0;
		};
		C252D697285E2D8E003F0280 /* Frameworks */ = {
			isa = PBXFrameworksBuildPhase;
			buildActionMask = 2147483647;
			files = (
			);
			runOnlyForDeploymentPostprocessing = 0;
		};
		C252D6A1285E2D8E003F0280 /* Frameworks */ = {
			isa = PBXFrameworksBuildPhase;
			buildActionMask = 2147483647;
			files = (
			);
			runOnlyForDeploymentPostprocessing = 0;
		};
/* End PBXFrameworksBuildPhase section */

/* Begin PBXGroup section */
		C252D678285E2D8C003F0280 = {
			isa = PBXGroup;
			children = (
				C252D683285E2D8C003F0280 /* iHotel */,
				C252D69D285E2D8E003F0280 /* iHotelTests */,
				C252D6A7285E2D8E003F0280 /* iHotelUITests */,
				C252D682285E2D8C003F0280 /* Products */,
			);
			sourceTree = "<group>";
		};
		C252D682285E2D8C003F0280 /* Products */ = {
			isa = PBXGroup;
			children = (
				C252D681285E2D8C003F0280 /* iHotel.app */,
				C252D69A285E2D8E003F0280 /* iHotelTests.xctest */,
				C252D6A4285E2D8E003F0280 /* iHotelUITests.xctest */,
			);
			name = Products;
			sourceTree = "<group>";
		};
		C252D683285E2D8C003F0280 /* iHotel */ = {
			isa = PBXGroup;
			children = (
				C2F5E6FC285E7BBC00D39C62 /* API */,
				C25B9926285E56D0003CC3EA /* Model */,
				C252D684285E2D8D003F0280 /* AppDelegate.swift */,
				C252D686285E2D8D003F0280 /* SceneDelegate.swift */,
				C252D688285E2D8D003F0280 /* ViewController.swift */,
				C2AA3DF1285E5C4F0051B7EE /* Main.storyboard */,
				C25B993C285E5722003CC3EA /* EditProfileViewController.swift */,
				C25B993B285E5722003CC3EA /* EditReviewViewController.swift */,
				C2709D4928B533570050AB9B /* GoogleService-Info.plist */,
				C25B9940285E5722003CC3EA /* HomeViewController.swift */,
				C25B9937285E5721003CC3EA /* LoginViewController.swift */,
				C25B993F285E5722003CC3EA /* MyReviewsTableViewCell.swift */,
				C25B993E285E5722003CC3EA /* MyReviewsViewController.swift */,
				C25B993D285E5722003CC3EA /* NewReviewViewController.swift */,
				C25B9941285E5722003CC3EA /* ProfileMenuTableViewController.swift */,
				C2F5E6F7285E647600D39C62 /* Info.plist */,
				C25B9936285E5721003CC3EA /* ProfileViewController.swift */,
				C25B9942285E5722003CC3EA /* RegisterViewController.swift */,
				C25B9939285E5721003CC3EA /* ReviewDetailsViewController.swift */,
				C25B9938285E5721003CC3EA /* ReviewsTableViewCell.swift */,
				C25B993A285E5721003CC3EA /* UIButtonExtension.swift */,
				C252D690285E2D8E003F0280 /* Assets.xcassets */,
				C252D692285E2D8E003F0280 /* LaunchScreen.storyboard */,
			);
			path = iHotel;
			sourceTree = "<group>";
		};
		C252D69D285E2D8E003F0280 /* iHotelTests */ = {
			isa = PBXGroup;
			children = (
				C252D69E285E2D8E003F0280 /* iHotelTests.swift */,
			);
			path = iHotelTests;
			sourceTree = "<group>";
		};
		C252D6A7285E2D8E003F0280 /* iHotelUITests */ = {
			isa = PBXGroup;
			children = (
				C252D6A8285E2D8E003F0280 /* iHotelUITests.swift */,
				C252D6AA285E2D8E003F0280 /* iHotelUITestsLaunchTests.swift */,
			);
			path = iHotelUITests;
			sourceTree = "<group>";
		};
		C25B9926285E56D0003CC3EA /* Model */ = {
			isa = PBXGroup;
			children = (
				C25B9927285E56D0003CC3EA /* Model.swift */,
				C25B9928285E56D0003CC3EA /* Review+CoreDataClass.swift */,
				C25B9929285E56D0003CC3EA /* ReviewModel.xcdatamodeld */,
				C25B992B285E56D0003CC3EA /* User+CoreDataProperties.swift */,
				C25B992C285E56D0003CC3EA /* ModelFirebase.swift */,
				C25B992D285E56D0003CC3EA /* User+CoreDataClass.swift */,
				C25B992E285E56D0003CC3EA /* Review+CoreDataProperties.swift */,
			);
			path = Model;
			sourceTree = "<group>";
		};
		C2F5E6FC285E7BBC00D39C62 /* API */ = {
			isa = PBXGroup;
			children = (
				C2F5E6FD285E7BBC00D39C62 /* CitiesApi.swift */,
				C2F5E6FE285E7BBC00D39C62 /* City.swift */,
			);
			path = API;
			sourceTree = "<group>";
		};
/* End PBXGroup section */

/* Begin PBXNativeTarget section */
		C252D680285E2D8C003F0280 /* iHotel */ = {
			isa = PBXNativeTarget;
			buildConfigurationList = C252D6AE285E2D8E003F0280 /* Build configuration list for PBXNativeTarget "iHotel" */;
			buildPhases = (
				C252D67D285E2D8C003F0280 /* Sources */,
				C252D67E285E2D8C003F0280 /* Frameworks */,
				C252D67F285E2D8C003F0280 /* Resources */,
			);
			buildRules = (
			);
			dependencies = (
			);
			name = iHotel;
			packageProductDependencies = (
				C252D6D7285E3759003F0280 /* Kingfisher */,
				C252D6DC285E3A97003F0280 /* Cosmos */,
				C252D6DF285E456A003F0280 /* FirebaseAnalytics */,
				C252D6E1285E456A003F0280 /* FirebaseAuth */,
				C252D6E3285E456A003F0280 /* FirebaseFirestore */,
				C252D6E5285E456A003F0280 /* FirebaseStorage */,
				C2F5E706285E81FC00D39C62 /* Alamofire */,
			);
			productName = iHotel;
			productReference = C252D681285E2D8C003F0280 /* iHotel.app */;
			productType = "com.apple.product-type.application";
		};
		C252D699285E2D8E003F0280 /* iHotelTests */ = {
			isa = PBXNativeTarget;
			buildConfigurationList = C252D6B1285E2D8E003F0280 /* Build configuration list for PBXNativeTarget "iHotelTests" */;
			buildPhases = (
				C252D696285E2D8E003F0280 /* Sources */,
				C252D697285E2D8E003F0280 /* Frameworks */,
				C252D698285E2D8E003F0280 /* Resources */,
			);
			buildRules = (
			);
			dependencies = (
				C252D69C285E2D8E003F0280 /* PBXTargetDependency */,
			);
			name = iHotelTests;
			productName = iHotelTests;
			productReference = C252D69A285E2D8E003F0280 /* iHotelTests.xctest */;
			productType = "com.apple.product-type.bundle.unit-test";
		};
		C252D6A3285E2D8E003F0280 /* iHotelUITests */ = {
			isa = PBXNativeTarget;
			buildConfigurationList = C252D6B4285E2D8E003F0280 /* Build configuration list for PBXNativeTarget "iHotelUITests" */;
			buildPhases = (
				C252D6A0285E2D8E003F0280 /* Sources */,
				C252D6A1285E2D8E003F0280 /* Frameworks */,
				C252D6A2285E2D8E003F0280 /* Resources */,
			);
			buildRules = (
			);
			dependencies = (
				C252D6A6285E2D8E003F0280 /* PBXTargetDependency */,
			);
			name = iHotelUITests;
			productName = iHotelUITests;
			productReference = C252D6A4285E2D8E003F0280 /* iHotelUITests.xctest */;
			productType = "com.apple.product-type.bundle.ui-testing";
		};
/* End PBXNativeTarget section */

/* Begin PBXProject section */
		C252D679285E2D8C003F0280 /* Project object */ = {
			isa = PBXProject;
			attributes = {
				BuildIndependentTargetsInParallel = 1;
				LastSwiftUpdateCheck = 1330;
				LastUpgradeCheck = 1330;
				TargetAttributes = {
					C252D680285E2D8C003F0280 = {
						CreatedOnToolsVersion = 13.3.1;
					};
					C252D699285E2D8E003F0280 = {
						CreatedOnToolsVersion = 13.3.1;
						TestTargetID = C252D680285E2D8C003F0280;
					};
					C252D6A3285E2D8E003F0280 = {
						CreatedOnToolsVersion = 13.3.1;
						TestTargetID = C252D680285E2D8C003F0280;
					};
				};
			};
			buildConfigurationList = C252D67C285E2D8C003F0280 /* Build configuration list for PBXProject "iHotel" */;
			compatibilityVersion = "Xcode 13.0";
			developmentRegion = en;
			hasScannedForEncodings = 0;
			knownRegions = (
				en,
				Base,
			);
			mainGroup = C252D678285E2D8C003F0280;
			packageReferences = (
				C252D6D6285E3759003F0280 /* XCRemoteSwiftPackageReference "Kingfisher" */,
				C252D6DB285E3A97003F0280 /* XCRemoteSwiftPackageReference "Cosmos" */,
				C252D6DE285E456A003F0280 /* XCRemoteSwiftPackageReference "firebase-ios-sdk" */,
				C2F5E701285E7C9E00D39C62 /* XCRemoteSwiftPackageReference "Alamofire" */,
				C2F5E702285E7D2100D39C62 /* XCRemoteSwiftPackageReference "Alamofire" */,
				C2F5E705285E81FC00D39C62 /* XCRemoteSwiftPackageReference "Alamofire" */,
			);
			productRefGroup = C252D682285E2D8C003F0280 /* Products */;
			projectDirPath = "";
			projectRoot = "";
			targets = (
				C252D680285E2D8C003F0280 /* iHotel */,
				C252D699285E2D8E003F0280 /* iHotelTests */,
				C252D6A3285E2D8E003F0280 /* iHotelUITests */,
			);
		};
/* End PBXProject section */

/* Begin PBXResourcesBuildPhase section */
		C252D67F285E2D8C003F0280 /* Resources */ = {
			isa = PBXResourcesBuildPhase;
			buildActionMask = 2147483647;
			files = (
				C252D694285E2D8E003F0280 /* LaunchScreen.storyboard in Resources */,
				C2709D4A28B533570050AB9B /* GoogleService-Info.plist in Resources */,
				C252D691285E2D8E003F0280 /* Assets.xcassets in Resources */,
				C2AA3DF2285E5C4F0051B7EE /* Main.storyboard in Resources */,
			);
			runOnlyForDeploymentPostprocessing = 0;
		};
		C252D698285E2D8E003F0280 /* Resources */ = {
			isa = PBXResourcesBuildPhase;
			buildActionMask = 2147483647;
			files = (
			);
			runOnlyForDeploymentPostprocessing = 0;
		};
		C252D6A2285E2D8E003F0280 /* Resources */ = {
			isa = PBXResourcesBuildPhase;
			buildActionMask = 2147483647;
			files = (
			);
			runOnlyForDeploymentPostprocessing = 0;
		};
/* End PBXResourcesBuildPhase section */

/* Begin PBXSourcesBuildPhase section */
		C252D67D285E2D8C003F0280 /* Sources */ = {
			isa = PBXSourcesBuildPhase;
			buildActionMask = 2147483647;
			files = (
				C25B992F285E56D0003CC3EA /* Model.swift in Sources */,
				C25B9946285E5722003CC3EA /* ReviewDetailsViewController.swift in Sources */,
				C25B994F285E5722003CC3EA /* RegisterViewController.swift in Sources */,
				C25B9932285E56D0003CC3EA /* User+CoreDataProperties.swift in Sources */,
				C252D689285E2D8D003F0280 /* ViewController.swift in Sources */,
				C25B9934285E56D0003CC3EA /* User+CoreDataClass.swift in Sources */,
				C252D685285E2D8D003F0280 /* AppDelegate.swift in Sources */,
				C2F5E700285E7BBC00D39C62 /* City.swift in Sources */,
				C25B994D285E5722003CC3EA /* HomeViewController.swift in Sources */,
				C25B9943285E5722003CC3EA /* ProfileViewController.swift in Sources */,
				C25B9949285E5722003CC3EA /* EditProfileViewController.swift in Sources */,
				C252D687285E2D8D003F0280 /* SceneDelegate.swift in Sources */,
				C25B9947285E5722003CC3EA /* UIButtonExtension.swift in Sources */,
				C25B994C285E5722003CC3EA /* MyReviewsTableViewCell.swift in Sources */,
				C25B994A285E5722003CC3EA /* NewReviewViewController.swift in Sources */,
				C25B9930285E56D0003CC3EA /* Review+CoreDataClass.swift in Sources */,
				C25B9945285E5722003CC3EA /* ReviewsTableViewCell.swift in Sources */,
				C25B994B285E5722003CC3EA /* MyReviewsViewController.swift in Sources */,
				C25B9933285E56D0003CC3EA /* ModelFirebase.swift in Sources */,
				C25B9948285E5722003CC3EA /* EditReviewViewController.swift in Sources */,
				C25B9931285E56D0003CC3EA /* ReviewModel.xcdatamodeld in Sources */,
				C25B994E285E5722003CC3EA /* ProfileMenuTableViewController.swift in Sources */,
				C2F5E6FF285E7BBC00D39C62 /* CitiesApi.swift in Sources */,
				C25B9944285E5722003CC3EA /* LoginViewController.swift in Sources */,
				C25B9935285E56D0003CC3EA /* Review+CoreDataProperties.swift in Sources */,
			);
			runOnlyForDeploymentPostprocessing = 0;
		};
		C252D696285E2D8E003F0280 /* Sources */ = {
			isa = PBXSourcesBuildPhase;
			buildActionMask = 2147483647;
			files = (
				C252D69F285E2D8E003F0280 /* iHotelTests.swift in Sources */,
			);
			runOnlyForDeploymentPostprocessing = 0;
		};
		C252D6A0285E2D8E003F0280 /* Sources */ = {
			isa = PBXSourcesBuildPhase;
			buildActionMask = 2147483647;
			files = (
				C252D6A9285E2D8E003F0280 /* iHotelUITests.swift in Sources */,
				C252D6AB285E2D8E003F0280 /* iHotelUITestsLaunchTests.swift in Sources */,
			);
			runOnlyForDeploymentPostprocessing = 0;
		};
/* End PBXSourcesBuildPhase section */

/* Begin PBXTargetDependency section */
		C252D69C285E2D8E003F0280 /* PBXTargetDependency */ = {
			isa = PBXTargetDependency;
			target = C252D680285E2D8C003F0280 /* iHotel */;
			targetProxy = C252D69B285E2D8E003F0280 /* PBXContainerItemProxy */;
		};
		C252D6A6285E2D8E003F0280 /* PBXTargetDependency */ = {
			isa = PBXTargetDependency;
			target = C252D680285E2D8C003F0280 /* iHotel */;
			targetProxy = C252D6A5285E2D8E003F0280 /* PBXContainerItemProxy */;
		};
/* End PBXTargetDependency section */

/* Begin PBXVariantGroup section */
		C252D692285E2D8E003F0280 /* LaunchScreen.storyboard */ = {
			isa = PBXVariantGroup;
			children = (
				C252D693285E2D8E003F0280 /* Base */,
			);
			name = LaunchScreen.storyboard;
			sourceTree = "<group>";
		};
/* End PBXVariantGroup section */

/* Begin XCBuildConfiguration section */
		C252D6AC285E2D8E003F0280 /* Debug */ = {
			isa = XCBuildConfiguration;
			buildSettings = {
				ALWAYS_SEARCH_USER_PATHS = NO;
				CLANG_ANALYZER_NONNULL = YES;
				CLANG_ANALYZER_NUMBER_OBJECT_CONVERSION = YES_AGGRESSIVE;
				CLANG_CXX_LANGUAGE_STANDARD = "gnu++17";
				CLANG_ENABLE_MODULES = YES;
				CLANG_ENABLE_OBJC_ARC = YES;
				CLANG_ENABLE_OBJC_WEAK = YES;
				CLANG_WARN_BLOCK_CAPTURE_AUTORELEASING = YES;
				CLANG_WARN_BOOL_CONVERSION = YES;
				CLANG_WARN_COMMA = YES;
				CLANG_WARN_CONSTANT_CONVERSION = YES;
				CLANG_WARN_DEPRECATED_OBJC_IMPLEMENTATIONS = YES;
				CLANG_WARN_DIRECT_OBJC_ISA_USAGE = YES_ERROR;
				CLANG_WARN_DOCUMENTATION_COMMENTS = YES;
				CLANG_WARN_EMPTY_BODY = YES;
				CLANG_WARN_ENUM_CONVERSION = YES;
				CLANG_WARN_INFINITE_RECURSION = YES;
				CLANG_WARN_INT_CONVERSION = YES;
				CLANG_WARN_NON_LITERAL_NULL_CONVERSION = YES;
				CLANG_WARN_OBJC_IMPLICIT_RETAIN_SELF = YES;
				CLANG_WARN_OBJC_LITERAL_CONVERSION = YES;
				CLANG_WARN_OBJC_ROOT_CLASS = YES_ERROR;
				CLANG_WARN_QUOTED_INCLUDE_IN_FRAMEWORK_HEADER = YES;
				CLANG_WARN_RANGE_LOOP_ANALYSIS = YES;
				CLANG_WARN_STRICT_PROTOTYPES = YES;
				CLANG_WARN_SUSPICIOUS_MOVE = YES;
				CLANG_WARN_UNGUARDED_AVAILABILITY = YES_AGGRESSIVE;
				CLANG_WARN_UNREACHABLE_CODE = YES;
				CLANG_WARN__DUPLICATE_METHOD_MATCH = YES;
				COPY_PHASE_STRIP = NO;
				DEBUG_INFORMATION_FORMAT = dwarf;
				ENABLE_STRICT_OBJC_MSGSEND = YES;
				ENABLE_TESTABILITY = YES;
				GCC_C_LANGUAGE_STANDARD = gnu11;
				GCC_DYNAMIC_NO_PIC = NO;
				GCC_NO_COMMON_BLOCKS = YES;
				GCC_OPTIMIZATION_LEVEL = 0;
				GCC_PREPROCESSOR_DEFINITIONS = (
					"DEBUG=1",
					"$(inherited)",
				);
				GCC_WARN_64_TO_32_BIT_CONVERSION = YES;
				GCC_WARN_ABOUT_RETURN_TYPE = YES_ERROR;
				GCC_WARN_UNDECLARED_SELECTOR = YES;
				GCC_WARN_UNINITIALIZED_AUTOS = YES_AGGRESSIVE;
				GCC_WARN_UNUSED_FUNCTION = YES;
				GCC_WARN_UNUSED_VARIABLE = YES;
				IPHONEOS_DEPLOYMENT_TARGET = 15.4;
				MTL_ENABLE_DEBUG_INFO = INCLUDE_SOURCE;
				MTL_FAST_MATH = YES;
				ONLY_ACTIVE_ARCH = YES;
				SDKROOT = iphoneos;
				SWIFT_ACTIVE_COMPILATION_CONDITIONS = DEBUG;
				SWIFT_OPTIMIZATION_LEVEL = "-Onone";
			};
			name = Debug;
		};
		C252D6AD285E2D8E003F0280 /* Release */ = {
			isa = XCBuildConfiguration;
			buildSettings = {
				ALWAYS_SEARCH_USER_PATHS = NO;
				CLANG_ANALYZER_NONNULL = YES;
				CLANG_ANALYZER_NUMBER_OBJECT_CONVERSION = YES_AGGRESSIVE;
				CLANG_CXX_LANGUAGE_STANDARD = "gnu++17";
				CLANG_ENABLE_MODULES = YES;
				CLANG_ENABLE_OBJC_ARC = YES;
				CLANG_ENABLE_OBJC_WEAK = YES;
				CLANG_WARN_BLOCK_CAPTURE_AUTORELEASING = YES;
				CLANG_WARN_BOOL_CONVERSION = YES;
				CLANG_WARN_COMMA = YES;
				CLANG_WARN_CONSTANT_CONVERSION = YES;
				CLANG_WARN_DEPRECATED_OBJC_IMPLEMENTATIONS = YES;
				CLANG_WARN_DIRECT_OBJC_ISA_USAGE = YES_ERROR;
				CLANG_WARN_DOCUMENTATION_COMMENTS = YES;
				CLANG_WARN_EMPTY_BODY = YES;
				CLANG_WARN_ENUM_CONVERSION = YES;
				CLANG_WARN_INFINITE_RECURSION = YES;
				CLANG_WARN_INT_CONVERSION = YES;
				CLANG_WARN_NON_LITERAL_NULL_CONVERSION = YES;
				CLANG_WARN_OBJC_IMPLICIT_RETAIN_SELF = YES;
				CLANG_WARN_OBJC_LITERAL_CONVERSION = YES;
				CLANG_WARN_OBJC_ROOT_CLASS = YES_ERROR;
				CLANG_WARN_QUOTED_INCLUDE_IN_FRAMEWORK_HEADER = YES;
				CLANG_WARN_RANGE_LOOP_ANALYSIS = YES;
				CLANG_WARN_STRICT_PROTOTYPES = YES;
				CLANG_WARN_SUSPICIOUS_MOVE = YES;
				CLANG_WARN_UNGUARDED_AVAILABILITY = YES_AGGRESSIVE;
				CLANG_WARN_UNREACHABLE_CODE = YES;
				CLANG_WARN__DUPLICATE_METHOD_MATCH = YES;
				COPY_PHASE_STRIP = NO;
				DEBUG_INFORMATION_FORMAT = "dwarf-with-dsym";
				ENABLE_NS_ASSERTIONS = NO;
				ENABLE_STRICT_OBJC_MSGSEND = YES;
				GCC_C_LANGUAGE_STANDARD = gnu11;
				GCC_NO_COMMON_BLOCKS = YES;
				GCC_WARN_64_TO_32_BIT_CONVERSION = YES;
				GCC_WARN_ABOUT_RETURN_TYPE = YES_ERROR;
				GCC_WARN_UNDECLARED_SELECTOR = YES;
				GCC_WARN_UNINITIALIZED_AUTOS = YES_AGGRESSIVE;
				GCC_WARN_UNUSED_FUNCTION = YES;
				GCC_WARN_UNUSED_VARIABLE = YES;
				IPHONEOS_DEPLOYMENT_TARGET = 15.4;
				MTL_ENABLE_DEBUG_INFO = NO;
				MTL_FAST_MATH = YES;
				SDKROOT = iphoneos;
				SWIFT_COMPILATION_MODE = wholemodule;
				SWIFT_OPTIMIZATION_LEVEL = "-O";
				VALIDATE_PRODUCT = YES;
			};
			name = Release;
		};
		C252D6AF285E2D8E003F0280 /* Debug */ = {
			isa = XCBuildConfiguration;
			buildSettings = {
				ASSETCATALOG_COMPILER_APPICON_NAME = AppIcon;
				ASSETCATALOG_COMPILER_GLOBAL_ACCENT_COLOR_NAME = AccentColor;
				CODE_SIGN_STYLE = Automatic;
				CURRENT_PROJECT_VERSION = 1;
				GENERATE_INFOPLIST_FILE = YES;
				INFOPLIST_FILE = iHotel/Info.plist;
				INFOPLIST_KEY_UIApplicationSupportsIndirectInputEvents = YES;
				INFOPLIST_KEY_UILaunchStoryboardName = LaunchScreen;
				INFOPLIST_KEY_UIMainStoryboardFile = Main;
				INFOPLIST_KEY_UISupportedInterfaceOrientations_iPad = "UIInterfaceOrientationPortrait UIInterfaceOrientationPortraitUpsideDown UIInterfaceOrientationLandscapeLeft UIInterfaceOrientationLandscapeRight";
				INFOPLIST_KEY_UISupportedInterfaceOrientations_iPhone = "UIInterfaceOrientationPortrait UIInterfaceOrientationLandscapeLeft UIInterfaceOrientationLandscapeRight";
				LD_RUNPATH_SEARCH_PATHS = (
					"$(inherited)",
					"@executable_path/Frameworks",
				);
				MARKETING_VERSION = 1.0;
				PRODUCT_BUNDLE_IDENTIFIER = com.barp.iHotel;
				PRODUCT_NAME = "$(TARGET_NAME)";
				SWIFT_EMIT_LOC_STRINGS = YES;
				SWIFT_VERSION = 5.0;
				TARGETED_DEVICE_FAMILY = "1,2";
			};
			name = Debug;
		};
		C252D6B0285E2D8E003F0280 /* Release */ = {
			isa = XCBuildConfiguration;
			buildSettings = {
				ASSETCATALOG_COMPILER_APPICON_NAME = AppIcon;
				ASSETCATALOG_COMPILER_GLOBAL_ACCENT_COLOR_NAME = AccentColor;
				CODE_SIGN_STYLE = Automatic;
				CURRENT_PROJECT_VERSION = 1;
				GENERATE_INFOPLIST_FILE = YES;
				INFOPLIST_FILE = iHotel/Info.plist;
				INFOPLIST_KEY_UIApplicationSupportsIndirectInputEvents = YES;
				INFOPLIST_KEY_UILaunchStoryboardName = LaunchScreen;
				INFOPLIST_KEY_UIMainStoryboardFile = Main;
				INFOPLIST_KEY_UISupportedInterfaceOrientations_iPad = "UIInterfaceOrientationPortrait UIInterfaceOrientationPortraitUpsideDown UIInterfaceOrientationLandscapeLeft UIInterfaceOrientationLandscapeRight";
				INFOPLIST_KEY_UISupportedInterfaceOrientations_iPhone = "UIInterfaceOrientationPortrait UIInterfaceOrientationLandscapeLeft UIInterfaceOrientationLandscapeRight";
				LD_RUNPATH_SEARCH_PATHS = (
					"$(inherited)",
					"@executable_path/Frameworks",
				);
				MARKETING_VERSION = 1.0;
				PRODUCT_BUNDLE_IDENTIFIER = com.barp.iHotel;
				PRODUCT_NAME = "$(TARGET_NAME)";
				SWIFT_EMIT_LOC_STRINGS = YES;
				SWIFT_VERSION = 5.0;
				TARGETED_DEVICE_FAMILY = "1,2";
			};
			name = Release;
		};
		C252D6B2285E2D8E003F0280 /* Debug */ = {
			isa = XCBuildConfiguration;
			buildSettings = {
				ALWAYS_EMBED_SWIFT_STANDARD_LIBRARIES = YES;
				BUNDLE_LOADER = "$(TEST_HOST)";
				CODE_SIGN_STYLE = Automatic;
				CURRENT_PROJECT_VERSION = 1;
				GENERATE_INFOPLIST_FILE = YES;
				IPHONEOS_DEPLOYMENT_TARGET = 15.4;
				MARKETING_VERSION = 1.0;
				PRODUCT_BUNDLE_IDENTIFIER = barp.iHotelTests;
				PRODUCT_NAME = "$(TARGET_NAME)";
				SWIFT_EMIT_LOC_STRINGS = NO;
				SWIFT_VERSION = 5.0;
				TARGETED_DEVICE_FAMILY = "1,2";
				TEST_HOST = "$(BUILT_PRODUCTS_DIR)/iHotel.app/iHotel";
			};
			name = Debug;
		};
		C252D6B3285E2D8E003F0280 /* Release */ = {
			isa = XCBuildConfiguration;
			buildSettings = {
				ALWAYS_EMBED_SWIFT_STANDARD_LIBRARIES = YES;
				BUNDLE_LOADER = "$(TEST_HOST)";
				CODE_SIGN_STYLE = Automatic;
				CURRENT_PROJECT_VERSION = 1;
				GENERATE_INFOPLIST_FILE = YES;
				IPHONEOS_DEPLOYMENT_TARGET = 15.4;
				MARKETING_VERSION = 1.0;
				PRODUCT_BUNDLE_IDENTIFIER = barp.iHotelTests;
				PRODUCT_NAME = "$(TARGET_NAME)";
				SWIFT_EMIT_LOC_STRINGS = NO;
				SWIFT_VERSION = 5.0;
				TARGETED_DEVICE_FAMILY = "1,2";
				TEST_HOST = "$(BUILT_PRODUCTS_DIR)/iHotel.app/iHotel";
			};
			name = Release;
		};
		C252D6B5285E2D8E003F0280 /* Debug */ = {
			isa = XCBuildConfiguration;
			buildSettings = {
				ALWAYS_EMBED_SWIFT_STANDARD_LIBRARIES = YES;
				CODE_SIGN_STYLE = Automatic;
				CURRENT_PROJECT_VERSION = 1;
				GENERATE_INFOPLIST_FILE = YES;
				MARKETING_VERSION = 1.0;
				PRODUCT_BUNDLE_IDENTIFIER = barp.iHotelUITests;
				PRODUCT_NAME = "$(TARGET_NAME)";
				SWIFT_EMIT_LOC_STRINGS = NO;
				SWIFT_VERSION = 5.0;
				TARGETED_DEVICE_FAMILY = "1,2";
				TEST_TARGET_NAME = iHotel;
			};
			name = Debug;
		};
		C252D6B6285E2D8E003F0280 /* Release */ = {
			isa = XCBuildConfiguration;
			buildSettings = {
				ALWAYS_EMBED_SWIFT_STANDARD_LIBRARIES = YES;
				CODE_SIGN_STYLE = Automatic;
				CURRENT_PROJECT_VERSION = 1;
				GENERATE_INFOPLIST_FILE = YES;
				MARKETING_VERSION = 1.0;
				PRODUCT_BUNDLE_IDENTIFIER = barp.iHotelUITests;
				PRODUCT_NAME = "$(TARGET_NAME)";
				SWIFT_EMIT_LOC_STRINGS = NO;
				SWIFT_VERSION = 5.0;
				TARGETED_DEVICE_FAMILY = "1,2";
				TEST_TARGET_NAME = iHotel;
			};
			name = Release;
		};
/* End XCBuildConfiguration section */

/* Begin XCConfigurationList section */
		C252D67C285E2D8C003F0280 /* Build configuration list for PBXProject "iHotel" */ = {
			isa = XCConfigurationList;
			buildConfigurations = (
				C252D6AC285E2D8E003F0280 /* Debug */,
				C252D6AD285E2D8E003F0280 /* Release */,
			);
			defaultConfigurationIsVisible = 0;
			defaultConfigurationName = Release;
		};
		C252D6AE285E2D8E003F0280 /* Build configuration list for PBXNativeTarget "iHotel" */ = {
			isa = XCConfigurationList;
			buildConfigurations = (
				C252D6AF285E2D8E003F0280 /* Debug */,
				C252D6B0285E2D8E003F0280 /* Release */,
			);
			defaultConfigurationIsVisible = 0;
			defaultConfigurationName = Release;
		};
		C252D6B1285E2D8E003F0280 /* Build configuration list for PBXNativeTarget "iHotelTests" */ = {
			isa = XCConfigurationList;
			buildConfigurations = (
				C252D6B2285E2D8E003F0280 /* Debug */,
				C252D6B3285E2D8E003F0280 /* Release */,
			);
			defaultConfigurationIsVisible = 0;
			defaultConfigurationName = Release;
		};
		C252D6B4285E2D8E003F0280 /* Build configuration list for PBXNativeTarget "iHotelUITests" */ = {
			isa = XCConfigurationList;
			buildConfigurations = (
				C252D6B5285E2D8E003F0280 /* Debug */,
				C252D6B6285E2D8E003F0280 /* Release */,
			);
			defaultConfigurationIsVisible = 0;
			defaultConfigurationName = Release;
		};
/* End XCConfigurationList section */

/* Begin XCRemoteSwiftPackageReference section */
		C252D6D6285E3759003F0280 /* XCRemoteSwiftPackageReference "Kingfisher" */ = {
			isa = XCRemoteSwiftPackageReference;
			repositoryURL = "https://github.com/onevcat/Kingfisher.git";
			requirement = {
				kind = upToNextMajorVersion;
				minimumVersion = 7.0.0;
			};
		};
		C252D6DB285E3A97003F0280 /* XCRemoteSwiftPackageReference "Cosmos" */ = {
			isa = XCRemoteSwiftPackageReference;
			repositoryURL = "https://github.com/evgenyneu/Cosmos";
			requirement = {
				branch = master;
				kind = branch;
			};
		};
		C252D6DE285E456A003F0280 /* XCRemoteSwiftPackageReference "firebase-ios-sdk" */ = {
			isa = XCRemoteSwiftPackageReference;
			repositoryURL = "https://github.com/firebase/firebase-ios-sdk";
			requirement = {
				kind = upToNextMajorVersion;
				minimumVersion = 9.0.0;
			};
		};
		C2F5E701285E7C9E00D39C62 /* XCRemoteSwiftPackageReference "Alamofire" */ = {
			isa = XCRemoteSwiftPackageReference;
			repositoryURL = "https://github.com/Alamofire/Alamofire";
			requirement = {
				kind = upToNextMajorVersion;
				minimumVersion = 5.0.0;
			};
		};
		C2F5E702285E7D2100D39C62 /* XCRemoteSwiftPackageReference "Alamofire" */ = {
			isa = XCRemoteSwiftPackageReference;
			repositoryURL = "https://github.com/Alamofire/Alamofire";
			requirement = {
				kind = upToNextMajorVersion;
				minimumVersion = 5.0.0;
			};
		};
		C2F5E705285E81FC00D39C62 /* XCRemoteSwiftPackageReference "Alamofire" */ = {
			isa = XCRemoteSwiftPackageReference;
			repositoryURL = "https://github.com/Alamofire/Alamofire";
			requirement = {
				kind = upToNextMajorVersion;
				minimumVersion = 5.0.0;
			};
		};
/* End XCRemoteSwiftPackageReference section */

/* Begin XCSwiftPackageProductDependency section */
		C252D6D7285E3759003F0280 /* Kingfisher */ = {
			isa = XCSwiftPackageProductDependency;
			package = C252D6D6285E3759003F0280 /* XCRemoteSwiftPackageReference "Kingfisher" */;
			productName = Kingfisher;
		};
		C252D6DC285E3A97003F0280 /* Cosmos */ = {
			isa = XCSwiftPackageProductDependency;
			package = C252D6DB285E3A97003F0280 /* XCRemoteSwiftPackageReference "Cosmos" */;
			productName = Cosmos;
		};
		C252D6DF285E456A003F0280 /* FirebaseAnalytics */ = {
			isa = XCSwiftPackageProductDependency;
			package = C252D6DE285E456A003F0280 /* XCRemoteSwiftPackageReference "firebase-ios-sdk" */;
			productName = FirebaseAnalytics;
		};
		C252D6E1285E456A003F0280 /* FirebaseAuth */ = {
			isa = XCSwiftPackageProductDependency;
			package = C252D6DE285E456A003F0280 /* XCRemoteSwiftPackageReference "firebase-ios-sdk" */;
			productName = FirebaseAuth;
		};
		C252D6E3285E456A003F0280 /* FirebaseFirestore */ = {
			isa = XCSwiftPackageProductDependency;
			package = C252D6DE285E456A003F0280 /* XCRemoteSwiftPackageReference "firebase-ios-sdk" */;
			productName = FirebaseFirestore;
		};
		C252D6E5285E456A003F0280 /* FirebaseStorage */ = {
			isa = XCSwiftPackageProductDependency;
			package = C252D6DE285E456A003F0280 /* XCRemoteSwiftPackageReference "firebase-ios-sdk" */;
			productName = FirebaseStorage;
		};
		C2F5E706285E81FC00D39C62 /* Alamofire */ = {
			isa = XCSwiftPackageProductDependency;
			package = C2F5E701285E7C9E00D39C62 /* XCRemoteSwiftPackageReference "Alamofire" */;
			productName = Alamofire;
		};
/* End XCSwiftPackageProductDependency section */

/* Begin XCVersionGroup section */
		C25B9929285E56D0003CC3EA /* ReviewModel.xcdatamodeld */ = {
			isa = XCVersionGroup;
			children = (
				C25B992A285E56D0003CC3EA /* ReviewModel.xcdatamodel */,
			);
			currentVersion = C25B992A285E56D0003CC3EA /* ReviewModel.xcdatamodel */;
			path = ReviewModel.xcdatamodeld;
			sourceTree = "<group>";
			versionGroupType = wrapper.xcdatamodel;
		};
/* End XCVersionGroup section */
	};
	rootObject = C252D679285E2D8C003F0280 /* Project object */;
}
